
Microsoft Visual Studio Solution File, Format Version 12.00
# Visual Studio 15
VisualStudioVersion = 15.0.26430.15
MinimumVisualStudioVersion = 10.0.40219.1
Project("{FAE04EC0-301F-11D3-BF4B-00C04F79EFBC}") = "MovieTracker", "MovieTracker.csproj", "{225810F4-1A15-49FB-AD22-C251CF9C64CB}"
	ProjectSection(ProjectDependencies) = postProject
		{149CF7AB-BB7F-499E-8193-6449CAB09EC7} = {149CF7AB-BB7F-499E-8193-6449CAB09EC7}
	EndProjectSection
EndProject
Project("{FAE04EC0-301F-11D3-BF4B-00C04F79EFBC}") = "MovieService", "..\MovieService\MovieService.csproj", "{149CF7AB-BB7F-499E-8193-6449CAB09EC7}"
EndProject
Global
	GlobalSection(SolutionConfigurationPlatforms) = preSolution
		Debug|Any CPU = Debug|Any CPU
		Release|Any CPU = Release|Any CPU
	EndGlobalSection
	GlobalSection(ProjectConfigurationPlatforms) = postSolution
		{225810F4-1A15-49FB-AD22-C251CF9C64CB}.Debug|Any CPU.ActiveCfg = Debug|Any CPU
		{225810F4-1A15-49FB-AD22-C251CF9C64CB}.Debug|Any CPU.Build.0 = Debug|Any CPU
		{225810F4-1A15-49FB-AD22-C251CF9C64CB}.Release|Any CPU.ActiveCfg = Release|Any CPU
		{225810F4-1A15-49FB-AD22-C251CF9C64CB}.Release|Any CPU.Build.0 = Release|Any CPU
		{149CF7AB-BB7F-499E-8193-6449CAB09EC7}.Debug|Any CPU.ActiveCfg = Debug|Any CPU
		{149CF7AB-BB7F-499E-8193-6449CAB09EC7}.Debug|Any CPU.Build.0 = Debug|Any CPU
		{149CF7AB-BB7F-499E-8193-6449CAB09EC7}.Release|Any CPU.ActiveCfg = Release|Any CPU
		{149CF7AB-BB7F-499E-8193-6449CAB09EC7}.Release|Any CPU.Build.0 = Release|Any CPU
	EndGlobalSection
	GlobalSection(SolutionProperties) = preSolution
		HideSolutionNode = FALSE
	EndGlobalSection
EndGlobal
